
Microsoft Visual Studio Solution File, Format Version 12.00
# Visual Studio Version 17
VisualStudioVersion = 17.12.35527.113
MinimumVisualStudioVersion = 10.0.40219.1
Project("{FAE04EC0-301F-11D3-BF4B-00C04F79EFBC}") = "ParteUm", "ParteUm\ParteUm.csproj", "{A919DEB3-60AB-4895-9041-506C984A38E8}"
EndProject
Project("{2150E333-8FDC-42A3-9474-1A3956D46DE8}") = "Itens de Solução", "Itens de Solução", "{AD129393-FFFE-405C-B5C6-4F80CCD2E65A}"
	ProjectSection(SolutionItems) = preProject
		.gitignore = .gitignore
	EndProjectSection
EndProject
Project("{FAE04EC0-301F-11D3-BF4B-00C04F79EFBC}") = "ClassesEMetodos02", "ClassesEMetodos02\ClassesEMetodos02.csproj", "{6E05EA5F-94C4-48FB-BCF8-13259C06A3E9}"
EndProject
Project("{FAE04EC0-301F-11D3-BF4B-00C04F79EFBC}") = "Encapsulamento", "Encapsulamento\Encapsulamento.csproj", "{9B7007B0-E2D5-461C-9993-93D0FE8CEE83}"
EndProject
Project("{FAE04EC0-301F-11D3-BF4B-00C04F79EFBC}") = "Enumeracoes", "Enumeracoes\Enumeracoes.csproj", "{EF5DB702-A943-42A9-A066-9D781831F020}"
EndProject
Project("{FAE04EC0-301F-11D3-BF4B-00C04F79EFBC}") = "Composicao", "Composição\Composicao.csproj", "{ADF4DD60-8876-4569-A9CE-8F7A9F7D3BC7}"
EndProject
Project("{FAE04EC0-301F-11D3-BF4B-00C04F79EFBC}") = "ExStringBuilder", "ExStringBuilder\ExStringBuilder.csproj", "{5662E899-8E11-4948-A17B-522ADDCBE6D6}"
EndProject
Global
	GlobalSection(SolutionConfigurationPlatforms) = preSolution
		Debug|Any CPU = Debug|Any CPU
		Release|Any CPU = Release|Any CPU
	EndGlobalSection
	GlobalSection(ProjectConfigurationPlatforms) = postSolution
		{A919DEB3-60AB-4895-9041-506C984A38E8}.Debug|Any CPU.ActiveCfg = Debug|Any CPU
		{A919DEB3-60AB-4895-9041-506C984A38E8}.Debug|Any CPU.Build.0 = Debug|Any CPU
		{A919DEB3-60AB-4895-9041-506C984A38E8}.Release|Any CPU.ActiveCfg = Release|Any CPU
		{A919DEB3-60AB-4895-9041-506C984A38E8}.Release|Any CPU.Build.0 = Release|Any CPU
		{6E05EA5F-94C4-48FB-BCF8-13259C06A3E9}.Debug|Any CPU.ActiveCfg = Debug|Any CPU
		{6E05EA5F-94C4-48FB-BCF8-13259C06A3E9}.Debug|Any CPU.Build.0 = Debug|Any CPU
		{6E05EA5F-94C4-48FB-BCF8-13259C06A3E9}.Release|Any CPU.ActiveCfg = Release|Any CPU
		{6E05EA5F-94C4-48FB-BCF8-13259C06A3E9}.Release|Any CPU.Build.0 = Release|Any CPU
		{9B7007B0-E2D5-461C-9993-93D0FE8CEE83}.Debug|Any CPU.ActiveCfg = Debug|Any CPU
		{9B7007B0-E2D5-461C-9993-93D0FE8CEE83}.Debug|Any CPU.Build.0 = Debug|Any CPU
		{9B7007B0-E2D5-461C-9993-93D0FE8CEE83}.Release|Any CPU.ActiveCfg = Release|Any CPU
		{9B7007B0-E2D5-461C-9993-93D0FE8CEE83}.Release|Any CPU.Build.0 = Release|Any CPU
		{EF5DB702-A943-42A9-A066-9D781831F020}.Debug|Any CPU.ActiveCfg = Debug|Any CPU
		{EF5DB702-A943-42A9-A066-9D781831F020}.Debug|Any CPU.Build.0 = Debug|Any CPU
		{EF5DB702-A943-42A9-A066-9D781831F020}.Release|Any CPU.ActiveCfg = Release|Any CPU
		{EF5DB702-A943-42A9-A066-9D781831F020}.Release|Any CPU.Build.0 = Release|Any CPU
		{ADF4DD60-8876-4569-A9CE-8F7A9F7D3BC7}.Debug|Any CPU.ActiveCfg = Debug|Any CPU
		{ADF4DD60-8876-4569-A9CE-8F7A9F7D3BC7}.Debug|Any CPU.Build.0 = Debug|Any CPU
		{ADF4DD60-8876-4569-A9CE-8F7A9F7D3BC7}.Release|Any CPU.ActiveCfg = Release|Any CPU
		{ADF4DD60-8876-4569-A9CE-8F7A9F7D3BC7}.Release|Any CPU.Build.0 = Release|Any CPU
		{5662E899-8E11-4948-A17B-522ADDCBE6D6}.Debug|Any CPU.ActiveCfg = Debug|Any CPU
		{5662E899-8E11-4948-A17B-522ADDCBE6D6}.Debug|Any CPU.Build.0 = Debug|Any CPU
		{5662E899-8E11-4948-A17B-522ADDCBE6D6}.Release|Any CPU.ActiveCfg = Release|Any CPU
		{5662E899-8E11-4948-A17B-522ADDCBE6D6}.Release|Any CPU.Build.0 = Release|Any CPU
	EndGlobalSection
	GlobalSection(SolutionProperties) = preSolution
		HideSolutionNode = FALSE
	EndGlobalSection
	GlobalSection(NestedProjects) = preSolution
		{9B7007B0-E2D5-461C-9993-93D0FE8CEE83} = {AD129393-FFFE-405C-B5C6-4F80CCD2E65A}
	EndGlobalSection
EndGlobal
